
Microsoft Visual Studio Solution File, Format Version 12.00
# Visual Studio Version 17
VisualStudioVersion = 17.9.34723.18
MinimumVisualStudioVersion = 10.0.40219.1
Project("{FAE04EC0-301F-11D3-BF4B-00C04F79EFBC}") = "MentorProject", "MentorProject\MentorProject.csproj", "{A99BDDF7-9400-456F-87BA-0C6108CF322B}"
EndProject
Global
	GlobalSection(SolutionConfigurationPlatforms) = preSolution
		Debug|Any CPU = Debug|Any CPU
		Release|Any CPU = Release|Any CPU
	EndGlobalSection
	GlobalSection(ProjectConfigurationPlatforms) = postSolution
		{A99BDDF7-9400-456F-87BA-0C6108CF322B}.Debug|Any CPU.ActiveCfg = Debug|Any CPU
		{A99BDDF7-9400-456F-87BA-0C6108CF322B}.Debug|Any CPU.Build.0 = Debug|Any CPU
		{A99BDDF7-9400-456F-87BA-0C6108CF322B}.Release|Any CPU.ActiveCfg = Release|Any CPU
		{A99BDDF7-9400-456F-87BA-0C6108CF322B}.Release|Any CPU.Build.0 = Release|Any CPU
	EndGlobalSection
	GlobalSection(SolutionProperties) = preSolution
		HideSolutionNode = FALSE
	EndGlobalSection
	GlobalSection(ExtensibilityGlobals) = postSolution
		SolutionGuid = {A0B961BF-40E3-48B2-8843-9031E376C6BD}
	EndGlobalSection
EndGlobal
